
Microsoft Visual Studio Solution File, Format Version 12.00
# Visual Studio Version 18
VisualStudioVersion = 18.6.11822.322 stable
MinimumVisualStudioVersion = 10.0.40219.1
Project("{FAE04EC0-301F-11D3-BF4B-00C04F79EFBC}") = "WebApplication1", "WebApplication1.csproj", "{D756CC8E-7D50-46EA-8109-186F4C0E5596}"
EndProject
Project("{FAE04EC0-301F-11D3-BF4B-00C04F79EFBC}") = "Dwp.Models", "..\Dwp.Models\Dwp.Models.csproj", "{147223F9-58A5-40DF-B1B6-0D1443C80BF4}"
EndProject
Global
	GlobalSection(SolutionConfigurationPlatforms) = preSolution
		Debug|Any CPU = Debug|Any CPU
		Release|Any CPU = Release|Any CPU
	EndGlobalSection
	GlobalSection(ProjectConfigurationPlatforms) = postSolution
		{D756CC8E-7D50-46EA-8109-186F4C0E5596}.Debug|Any CPU.ActiveCfg = Debug|Any CPU
		{D756CC8E-7D50-46EA-8109-186F4C0E5596}.Debug|Any CPU.Build.0 = Debug|Any CPU
		{D756CC8E-7D50-46EA-8109-186F4C0E5596}.Release|Any CPU.ActiveCfg = Release|Any CPU
		{D756CC8E-7D50-46EA-8109-186F4C0E5596}.Release|Any CPU.Build.0 = Release|Any CPU
		{147223F9-58A5-40DF-B1B6-0D1443C80BF4}.Debug|Any CPU.ActiveCfg = Debug|Any CPU
		{147223F9-58A5-40DF-B1B6-0D1443C80BF4}.Debug|Any CPU.Build.0 = Debug|Any CPU
		{147223F9-58A5-40DF-B1B6-0D1443C80BF4}.Release|Any CPU.ActiveCfg = Release|Any CPU
		{147223F9-58A5-40DF-B1B6-0D1443C80BF4}.Release|Any CPU.Build.0 = Release|Any CPU
	EndGlobalSection
	GlobalSection(SolutionProperties) = preSolution
		HideSolutionNode = FALSE
	EndGlobalSection
	GlobalSection(ExtensibilityGlobals) = postSolution
		SolutionGuid = {D0281534-4FF8-4299-8891-A9A2F5378F13}
	EndGlobalSection
EndGlobal
